
Microsoft Visual Studio Solution File, Format Version 12.00
# Visual Studio Version 16
VisualStudioVersion = 16.0.28917.181
MinimumVisualStudioVersion = 10.0.40219.1
Project("{FAE04EC0-301F-11D3-BF4B-00C04F79EFBC}") = "2D", "2D\2D.csproj", "{C70C1C4B-8806-4DDD-83B4-DF8F8CC86986}"
EndProject
Global
	GlobalSection(SolutionConfigurationPlatforms) = preSolution
		Debug|Any CPU = Debug|Any CPU
		Release|Any CPU = Release|Any CPU
	EndGlobalSection
	GlobalSection(ProjectConfigurationPlatforms) = postSolution
		{C70C1C4B-8806-4DDD-83B4-DF8F8CC86986}.Debug|Any CPU.ActiveCfg = Debug|Any CPU
		{C70C1C4B-8806-4DDD-83B4-DF8F8CC86986}.Debug|Any CPU.Build.0 = Debug|Any CPU
		{C70C1C4B-8806-4DDD-83B4-DF8F8CC86986}.Release|Any CPU.ActiveCfg = Release|Any CPU
		{C70C1C4B-8806-4DDD-83B4-DF8F8CC86986}.Release|Any CPU.Build.0 = Release|Any CPU
	EndGlobalSection
	GlobalSection(SolutionProperties) = preSolution
		HideSolutionNode = FALSE
	EndGlobalSection
	GlobalSection(ExtensibilityGlobals) = postSolution
		SolutionGuid = {5023E598-B47D-4834-B5B6-B95C853C2868}
	EndGlobalSection
EndGlobal
